// !$*UTF8*$!
{
	archiveVersion = 1;
	classes = {
	};
	objectVersion = 56;
	objects = {

/* Begin PBXBuildFile section */
		36E5D9E0B19F3AFFAB421BFF /* Pods_Boyner_BoynerUITests.framework in Frameworks */ = {isa = PBXBuildFile; fileRef = D6C65D859F2012328982DFF6 /* Pods_Boyner_BoynerUITests.framework */; };
		8E009D99C58E92CB0EDC643C /* Pods_BoynerTests.framework in Frameworks */ = {isa = PBXBuildFile; fileRef = 39AF7FBA33ECBBAB52EFA52F /* Pods_BoynerTests.framework */; };
		B927EA3B2AD9EC940044BDB1 /* DetailTableViewCell.swift in Sources */ = {isa = PBXBuildFile; fileRef = B927EA392AD9EC940044BDB1 /* DetailTableViewCell.swift */; };
		B927EA3C2AD9EC940044BDB1 /* DetailTableViewCell.xib in Resources */ = {isa = PBXBuildFile; fileRef = B927EA3A2AD9EC940044BDB1 /* DetailTableViewCell.xib */; };
		B93015252AD962A7003D7F0F /* AppDelegate.swift in Sources */ = {isa = PBXBuildFile; fileRef = B93015242AD962A7003D7F0F /* AppDelegate.swift */; };
		B93015272AD962A7003D7F0F /* SceneDelegate.swift in Sources */ = {isa = PBXBuildFile; fileRef = B93015262AD962A7003D7F0F /* SceneDelegate.swift */; };
		B930152C2AD962A7003D7F0F /* Main.storyboard in Resources */ = {isa = PBXBuildFile; fileRef = B930152A2AD962A7003D7F0F /* Main.storyboard */; };
		B930152E2AD962B9003D7F0F /* Assets.xcassets in Resources */ = {isa = PBXBuildFile; fileRef = B930152D2AD962B9003D7F0F /* Assets.xcassets */; };
		B93015312AD962B9003D7F0F /* LaunchScreen.storyboard in Resources */ = {isa = PBXBuildFile; fileRef = B930152F2AD962B9003D7F0F /* LaunchScreen.storyboard */; };
		B930153C2AD962B9003D7F0F /* BoynerTests.swift in Sources */ = {isa = PBXBuildFile; fileRef = B930153B2AD962B9003D7F0F /* BoynerTests.swift */; };
		B93015462AD962B9003D7F0F /* BoynerUITests.swift in Sources */ = {isa = PBXBuildFile; fileRef = B93015452AD962B9003D7F0F /* BoynerUITests.swift */; };
		B93015482AD962B9003D7F0F /* BoynerUITestsLaunchTests.swift in Sources */ = {isa = PBXBuildFile; fileRef = B93015472AD962B9003D7F0F /* BoynerUITestsLaunchTests.swift */; };
		B93015582AD96472003D7F0F /* DetailViewController.swift in Sources */ = {isa = PBXBuildFile; fileRef = B93015572AD96472003D7F0F /* DetailViewController.swift */; };
		B930155A2AD964A5003D7F0F /* HomeViewModel.swift in Sources */ = {isa = PBXBuildFile; fileRef = B93015592AD964A5003D7F0F /* HomeViewModel.swift */; };
		B930155C2AD964AD003D7F0F /* DetailViewModel.swift in Sources */ = {isa = PBXBuildFile; fileRef = B930155B2AD964AD003D7F0F /* DetailViewModel.swift */; };
		B930155F2AD964C1003D7F0F /* Constants.swift in Sources */ = {isa = PBXBuildFile; fileRef = B930155E2AD964C1003D7F0F /* Constants.swift */; };
		B93015612AD964C6003D7F0F /* Service.swift in Sources */ = {isa = PBXBuildFile; fileRef = B93015602AD964C6003D7F0F /* Service.swift */; };
		B9522C142ADDB0360087FFA5 /* Utils.swift in Sources */ = {isa = PBXBuildFile; fileRef = B9522C132ADDB0360087FFA5 /* Utils.swift */; };
		B96C23DF2AD99A6A009F2718 /* SegmentCollectionViewCell.swift in Sources */ = {isa = PBXBuildFile; fileRef = B96C23DD2AD99A6A009F2718 /* SegmentCollectionViewCell.swift */; };
		B96C23E02AD99A6A009F2718 /* SegmentCollectionViewCell.xib in Resources */ = {isa = PBXBuildFile; fileRef = B96C23DE2AD99A6A009F2718 /* SegmentCollectionViewCell.xib */; };
		B96C23E22AD9CFBE009F2718 /* DetailResponseModel.swift in Sources */ = {isa = PBXBuildFile; fileRef = B96C23E12AD9CFBE009F2718 /* DetailResponseModel.swift */; };
		B98520AA2ADA885900354B33 /* DetailSliderTableViewCell.swift in Sources */ = {isa = PBXBuildFile; fileRef = B98520A82ADA885800354B33 /* DetailSliderTableViewCell.swift */; };
		B98520AB2ADA885900354B33 /* DetailSliderTableViewCell.xib in Resources */ = {isa = PBXBuildFile; fileRef = B98520A92ADA885800354B33 /* DetailSliderTableViewCell.xib */; };
		B98520AE2ADA8F1A00354B33 /* DetailSliderCollectionViewCell.swift in Sources */ = {isa = PBXBuildFile; fileRef = B98520AC2ADA8F1900354B33 /* DetailSliderCollectionViewCell.swift */; };
		B98520AF2ADA8F1A00354B33 /* DetailSliderCollectionViewCell.xib in Resources */ = {isa = PBXBuildFile; fileRef = B98520AD2ADA8F1900354B33 /* DetailSliderCollectionViewCell.xib */; };
		B9AF742F2AD9674800E11087 /* HomeViewController.swift in Sources */ = {isa = PBXBuildFile; fileRef = B9AF742E2AD9674800E11087 /* HomeViewController.swift */; };
		B9AF74322AD967FF00E11087 /* HomeTableViewCell.swift in Sources */ = {isa = PBXBuildFile; fileRef = B9AF74302AD967FF00E11087 /* HomeTableViewCell.swift */; };
		B9AF74332AD967FF00E11087 /* HomeTableViewCell.xib in Resources */ = {isa = PBXBuildFile; fileRef = B9AF74312AD967FF00E11087 /* HomeTableViewCell.xib */; };
		B9AF74372AD96B5D00E11087 /* SourceResponseModel.swift in Sources */ = {isa = PBXBuildFile; fileRef = B9AF74362AD96B5D00E11087 /* SourceResponseModel.swift */; };
		EF8D3009059BE522A6C45383 /* Pods_Boyner.framework in Frameworks */ = {isa = PBXBuildFile; fileRef = 663E6C9041A222561644B6D8 /* Pods_Boyner.framework */; };
/* End PBXBuildFile section */

/* Begin PBXContainerItemProxy section */
		B93015382AD962B9003D7F0F /* PBXContainerItemProxy */ = {
			isa = PBXContainerItemProxy;
			containerPortal = B93015192AD962A7003D7F0F /* Project object */;
			proxyType = 1;
			remoteGlobalIDString = B93015202AD962A7003D7F0F;
			remoteInfo = Boyner;
		};
		B93015422AD962B9003D7F0F /* PBXContainerItemProxy */ = {
			isa = PBXContainerItemProxy;
			containerPortal = B93015192AD962A7003D7F0F /* Project object */;
			proxyType = 1;
			remoteGlobalIDString = B93015202AD962A7003D7F0F;
			remoteInfo = Boyner;
		};
/* End PBXContainerItemProxy section */

/* Begin PBXFileReference section */
		0CF12F599CA046C0150897EB /* Pods-BoynerTests.release.xcconfig */ = {isa = PBXFileReference; includeInIndex = 1; lastKnownFileType = text.xcconfig; name = "Pods-BoynerTests.release.xcconfig"; path = "Target Support Files/Pods-BoynerTests/Pods-BoynerTests.release.xcconfig"; sourceTree = "<group>"; };
		37606B0045ED740680FEA940 /* Pods-BoynerTests.debug.xcconfig */ = {isa = PBXFileReference; includeInIndex = 1; lastKnownFileType = text.xcconfig; name = "Pods-BoynerTests.debug.xcconfig"; path = "Target Support Files/Pods-BoynerTests/Pods-BoynerTests.debug.xcconfig"; sourceTree = "<group>"; };
		39AF7FBA33ECBBAB52EFA52F /* Pods_BoynerTests.framework */ = {isa = PBXFileReference; explicitFileType = wrapper.framework; includeInIndex = 0; path = Pods_BoynerTests.framework; sourceTree = BUILT_PRODUCTS_DIR; };
		663E6C9041A222561644B6D8 /* Pods_Boyner.framework */ = {isa = PBXFileReference; explicitFileType = wrapper.framework; includeInIndex = 0; path = Pods_Boyner.framework; sourceTree = BUILT_PRODUCTS_DIR; };
		815D6F387E22C3F7A7648969 /* Pods-Boyner-BoynerUITests.release.xcconfig */ = {isa = PBXFileReference; includeInIndex = 1; lastKnownFileType = text.xcconfig; name = "Pods-Boyner-BoynerUITests.release.xcconfig"; path = "Target Support Files/Pods-Boyner-BoynerUITests/Pods-Boyner-BoynerUITests.release.xcconfig"; sourceTree = "<group>"; };
		B927EA392AD9EC940044BDB1 /* DetailTableViewCell.swift */ = {isa = PBXFileReference; lastKnownFileType = sourcecode.swift; path = DetailTableViewCell.swift; sourceTree = "<group>"; };
		B927EA3A2AD9EC940044BDB1 /* DetailTableViewCell.xib */ = {isa = PBXFileReference; lastKnownFileType = file.xib; path = DetailTableViewCell.xib; sourceTree = "<group>"; };
		B93015212AD962A7003D7F0F /* Boyner.app */ = {isa = PBXFileReference; explicitFileType = wrapper.application; includeInIndex = 0; path = Boyner.app; sourceTree = BUILT_PRODUCTS_DIR; };
		B93015242AD962A7003D7F0F /* AppDelegate.swift */ = {isa = PBXFileReference; lastKnownFileType = sourcecode.swift; path = AppDelegate.swift; sourceTree = "<group>"; };
		B93015262AD962A7003D7F0F /* SceneDelegate.swift */ = {isa = PBXFileReference; lastKnownFileType = sourcecode.swift; path = SceneDelegate.swift; sourceTree = "<group>"; };
		B930152B2AD962A7003D7F0F /* Base */ = {isa = PBXFileReference; lastKnownFileType = file.storyboard; name = Base; path = Base.lproj/Main.storyboard; sourceTree = "<group>"; };
		B930152D2AD962B9003D7F0F /* Assets.xcassets */ = {isa = PBXFileReference; lastKnownFileType = folder.assetcatalog; path = Assets.xcassets; sourceTree = "<group>"; };
		B93015302AD962B9003D7F0F /* Base */ = {isa = PBXFileReference; lastKnownFileType = file.storyboard; name = Base; path = Base.lproj/LaunchScreen.storyboard; sourceTree = "<group>"; };
		B93015322AD962B9003D7F0F /* Info.plist */ = {isa = PBXFileReference; lastKnownFileType = text.plist.xml; path = Info.plist; sourceTree = "<group>"; };
		B93015372AD962B9003D7F0F /* BoynerTests.xctest */ = {isa = PBXFileReference; explicitFileType = wrapper.cfbundle; includeInIndex = 0; path = BoynerTests.xctest; sourceTree = BUILT_PRODUCTS_DIR; };
		B930153B2AD962B9003D7F0F /* BoynerTests.swift */ = {isa = PBXFileReference; lastKnownFileType = sourcecode.swift; path = BoynerTests.swift; sourceTree = "<group>"; };
		B93015412AD962B9003D7F0F /* BoynerUITests.xctest */ = {isa = PBXFileReference; explicitFileType = wrapper.cfbundle; includeInIndex = 0; path = BoynerUITests.xctest; sourceTree = BUILT_PRODUCTS_DIR; };
		B93015452AD962B9003D7F0F /* BoynerUITests.swift */ = {isa = PBXFileReference; lastKnownFileType = sourcecode.swift; path = BoynerUITests.swift; sourceTree = "<group>"; };
		B93015472AD962B9003D7F0F /* BoynerUITestsLaunchTests.swift */ = {isa = PBXFileReference; lastKnownFileType = sourcecode.swift; path = BoynerUITestsLaunchTests.swift; sourceTree = "<group>"; };
		B93015572AD96472003D7F0F /* DetailViewController.swift */ = {isa = PBXFileReference; lastKnownFileType = sourcecode.swift; path = DetailViewController.swift; sourceTree = "<group>"; };
		B93015592AD964A5003D7F0F /* HomeViewModel.swift */ = {isa = PBXFileReference; lastKnownFileType = sourcecode.swift; path = HomeViewModel.swift; sourceTree = "<group>"; };
		B930155B2AD964AD003D7F0F /* DetailViewModel.swift */ = {isa = PBXFileReference; lastKnownFileType = sourcecode.swift; path = DetailViewModel.swift; sourceTree = "<group>"; };
		B930155E2AD964C1003D7F0F /* Constants.swift */ = {isa = PBXFileReference; lastKnownFileType = sourcecode.swift; path = Constants.swift; sourceTree = "<group>"; };
		B93015602AD964C6003D7F0F /* Service.swift */ = {isa = PBXFileReference; lastKnownFileType = sourcecode.swift; path = Service.swift; sourceTree = "<group>"; };
		B9522C132ADDB0360087FFA5 /* Utils.swift */ = {isa = PBXFileReference; lastKnownFileType = sourcecode.swift; path = Utils.swift; sourceTree = "<group>"; };
		B96C23DD2AD99A6A009F2718 /* SegmentCollectionViewCell.swift */ = {isa = PBXFileReference; lastKnownFileType = sourcecode.swift; path = SegmentCollectionViewCell.swift; sourceTree = "<group>"; };
		B96C23DE2AD99A6A009F2718 /* SegmentCollectionViewCell.xib */ = {isa = PBXFileReference; lastKnownFileType = file.xib; path = SegmentCollectionViewCell.xib; sourceTree = "<group>"; };
		B96C23E12AD9CFBE009F2718 /* DetailResponseModel.swift */ = {isa = PBXFileReference; lastKnownFileType = sourcecode.swift; path = DetailResponseModel.swift; sourceTree = "<group>"; };
		B98520A82ADA885800354B33 /* DetailSliderTableViewCell.swift */ = {isa = PBXFileReference; lastKnownFileType = sourcecode.swift; path = DetailSliderTableViewCell.swift; sourceTree = "<group>"; };
		B98520A92ADA885800354B33 /* DetailSliderTableViewCell.xib */ = {isa = PBXFileReference; lastKnownFileType = file.xib; path = DetailSliderTableViewCell.xib; sourceTree = "<group>"; };
		B98520AC2ADA8F1900354B33 /* DetailSliderCollectionViewCell.swift */ = {isa = PBXFileReference; lastKnownFileType = sourcecode.swift; path = DetailSliderCollectionViewCell.swift; sourceTree = "<group>"; };
		B98520AD2ADA8F1900354B33 /* DetailSliderCollectionViewCell.xib */ = {isa = PBXFileReference; lastKnownFileType = file.xib; path = DetailSliderCollectionViewCell.xib; sourceTree = "<group>"; };
		B9AF742E2AD9674800E11087 /* HomeViewController.swift */ = {isa = PBXFileReference; lastKnownFileType = sourcecode.swift; path = HomeViewController.swift; sourceTree = "<group>"; };
		B9AF74302AD967FF00E11087 /* HomeTableViewCell.swift */ = {isa = PBXFileReference; lastKnownFileType = sourcecode.swift; path = HomeTableViewCell.swift; sourceTree = "<group>"; };
		B9AF74312AD967FF00E11087 /* HomeTableViewCell.xib */ = {isa = PBXFileReference; lastKnownFileType = file.xib; path = HomeTableViewCell.xib; sourceTree = "<group>"; };
		B9AF74362AD96B5D00E11087 /* SourceResponseModel.swift */ = {isa = PBXFileReference; lastKnownFileType = sourcecode.swift; path = SourceResponseModel.swift; sourceTree = "<group>"; };
		D6C65D859F2012328982DFF6 /* Pods_Boyner_BoynerUITests.framework */ = {isa = PBXFileReference; explicitFileType = wrapper.framework; includeInIndex = 0; path = Pods_Boyner_BoynerUITests.framework; sourceTree = BUILT_PRODUCTS_DIR; };
		ED85145DC681EF76B7CCFE5A /* Pods-Boyner.debug.xcconfig */ = {isa = PBXFileReference; includeInIndex = 1; lastKnownFileType = text.xcconfig; name = "Pods-Boyner.debug.xcconfig"; path = "Target Support Files/Pods-Boyner/Pods-Boyner.debug.xcconfig"; sourceTree = "<group>"; };
		F8FAB0F8CE556DCE1A327F2A /* Pods-Boyner.release.xcconfig */ = {isa = PBXFileReference; includeInIndex = 1; lastKnownFileType = text.xcconfig; name = "Pods-Boyner.release.xcconfig"; path = "Target Support Files/Pods-Boyner/Pods-Boyner.release.xcconfig"; sourceTree = "<group>"; };
		F911C016C106BD50CE2EEE6A /* Pods-Boyner-BoynerUITests.debug.xcconfig */ = {isa = PBXFileReference; includeInIndex = 1; lastKnownFileType = text.xcconfig; name = "Pods-Boyner-BoynerUITests.debug.xcconfig"; path = "Target Support Files/Pods-Boyner-BoynerUITests/Pods-Boyner-BoynerUITests.debug.xcconfig"; sourceTree = "<group>"; };
/* End PBXFileReference section */

/* Begin PBXFrameworksBuildPhase section */
		B930151E2AD962A7003D7F0F /* Frameworks */ = {
			isa = PBXFrameworksBuildPhase;
			buildActionMask = 2147483647;
			files = (
				EF8D3009059BE522A6C45383 /* Pods_Boyner.framework in Frameworks */,
			);
			runOnlyForDeploymentPostprocessing = 0;
		};
		B93015342AD962B9003D7F0F /* Frameworks */ = {
			isa = PBXFrameworksBuildPhase;
			buildActionMask = 2147483647;
			files = (
				8E009D99C58E92CB0EDC643C /* Pods_BoynerTests.framework in Frameworks */,
			);
			runOnlyForDeploymentPostprocessing = 0;
		};
		B930153E2AD962B9003D7F0F /* Frameworks */ = {
			isa = PBXFrameworksBuildPhase;
			buildActionMask = 2147483647;
			files = (
				36E5D9E0B19F3AFFAB421BFF /* Pods_Boyner_BoynerUITests.framework in Frameworks */,
			);
			runOnlyForDeploymentPostprocessing = 0;
		};
/* End PBXFrameworksBuildPhase section */

/* Begin PBXGroup section */
		634571C950730F7E4EFB2B34 /* Pods */ = {
			isa = PBXGroup;
			children = (
				ED85145DC681EF76B7CCFE5A /* Pods-Boyner.debug.xcconfig */,
				F8FAB0F8CE556DCE1A327F2A /* Pods-Boyner.release.xcconfig */,
				F911C016C106BD50CE2EEE6A /* Pods-Boyner-BoynerUITests.debug.xcconfig */,
				815D6F387E22C3F7A7648969 /* Pods-Boyner-BoynerUITests.release.xcconfig */,
				37606B0045ED740680FEA940 /* Pods-BoynerTests.debug.xcconfig */,
				0CF12F599CA046C0150897EB /* Pods-BoynerTests.release.xcconfig */,
			);
			path = Pods;
			sourceTree = "<group>";
		};
		B93015182AD962A7003D7F0F = {
			isa = PBXGroup;
			children = (
				B93015232AD962A7003D7F0F /* Boyner */,
				B930153A2AD962B9003D7F0F /* BoynerTests */,
				B93015442AD962B9003D7F0F /* BoynerUITests */,
				B93015222AD962A7003D7F0F /* Products */,
				634571C950730F7E4EFB2B34 /* Pods */,
				F2F18EAB1E17FC010EF3F342 /* Frameworks */,
			);
			sourceTree = "<group>";
		};
		B93015222AD962A7003D7F0F /* Products */ = {
			isa = PBXGroup;
			children = (
				B93015212AD962A7003D7F0F /* Boyner.app */,
				B93015372AD962B9003D7F0F /* BoynerTests.xctest */,
				B93015412AD962B9003D7F0F /* BoynerUITests.xctest */,
			);
			name = Products;
			sourceTree = "<group>";
		};
		B93015232AD962A7003D7F0F /* Boyner */ = {
			isa = PBXGroup;
			children = (
				B930155D2AD964B5003D7F0F /* Utils */,
				B93015562AD962E2003D7F0F /* ViewModel */,
				B93015552AD962DD003D7F0F /* View */,
				B93015542AD962D2003D7F0F /* Model */,
				B93015242AD962A7003D7F0F /* AppDelegate.swift */,
				B93015262AD962A7003D7F0F /* SceneDelegate.swift */,
				B930152A2AD962A7003D7F0F /* Main.storyboard */,
				B930152D2AD962B9003D7F0F /* Assets.xcassets */,
				B930152F2AD962B9003D7F0F /* LaunchScreen.storyboard */,
				B93015322AD962B9003D7F0F /* Info.plist */,
			);
			path = Boyner;
			sourceTree = "<group>";
		};
		B930153A2AD962B9003D7F0F /* BoynerTests */ = {
			isa = PBXGroup;
			children = (
				B930153B2AD962B9003D7F0F /* BoynerTests.swift */,
			);
			path = BoynerTests;
			sourceTree = "<group>";
		};
		B93015442AD962B9003D7F0F /* BoynerUITests */ = {
			isa = PBXGroup;
			children = (
				B93015452AD962B9003D7F0F /* BoynerUITests.swift */,
				B93015472AD962B9003D7F0F /* BoynerUITestsLaunchTests.swift */,
			);
			path = BoynerUITests;
			sourceTree = "<group>";
		};
		B93015542AD962D2003D7F0F /* Model */ = {
			isa = PBXGroup;
			children = (
				B9AF74362AD96B5D00E11087 /* SourceResponseModel.swift */,
				B96C23E12AD9CFBE009F2718 /* DetailResponseModel.swift */,
			);
			path = Model;
			sourceTree = "<group>";
		};
		B93015552AD962DD003D7F0F /* View */ = {
			isa = PBXGroup;
			children = (
				B93015632AD9664A003D7F0F /* Cells */,
				B93015622AD9663D003D7F0F /* ViewController */,
			);
			path = View;
			sourceTree = "<group>";
		};
		B93015562AD962E2003D7F0F /* ViewModel */ = {
			isa = PBXGroup;
			children = (
				B93015592AD964A5003D7F0F /* HomeViewModel.swift */,
				B930155B2AD964AD003D7F0F /* DetailViewModel.swift */,
			);
			path = ViewModel;
			sourceTree = "<group>";
		};
		B930155D2AD964B5003D7F0F /* Utils */ = {
			isa = PBXGroup;
			children = (
				B930155E2AD964C1003D7F0F /* Constants.swift */,
				B93015602AD964C6003D7F0F /* Service.swift */,
				B9522C132ADDB0360087FFA5 /* Utils.swift */,
			);
			path = Utils;
			sourceTree = "<group>";
		};
		B93015622AD9663D003D7F0F /* ViewController */ = {
			isa = PBXGroup;
			children = (
				B9AF742E2AD9674800E11087 /* HomeViewController.swift */,
				B93015572AD96472003D7F0F /* DetailViewController.swift */,
			);
			path = ViewController;
			sourceTree = "<group>";
		};
		B93015632AD9664A003D7F0F /* Cells */ = {
			isa = PBXGroup;
			children = (
				B96C23E32AD9DB8A009F2718 /* Home */,
				B96C23E42AD9DB9F009F2718 /* Detail */,
			);
			path = Cells;
			sourceTree = "<group>";
		};
		B96C23E32AD9DB8A009F2718 /* Home */ = {
			isa = PBXGroup;
			children = (
				B9AF74302AD967FF00E11087 /* HomeTableViewCell.swift */,
				B9AF74312AD967FF00E11087 /* HomeTableViewCell.xib */,
				B96C23DD2AD99A6A009F2718 /* SegmentCollectionViewCell.swift */,
				B96C23DE2AD99A6A009F2718 /* SegmentCollectionViewCell.xib */,
			);
			path = Home;
			sourceTree = "<group>";
		};
		B96C23E42AD9DB9F009F2718 /* Detail */ = {
			isa = PBXGroup;
			children = (
				B927EA392AD9EC940044BDB1 /* DetailTableViewCell.swift */,
				B927EA3A2AD9EC940044BDB1 /* DetailTableViewCell.xib */,
				B98520B02ADA8F1D00354B33 /* DetailSliderCell */,
			);
			path = Detail;
			sourceTree = "<group>";
		};
		B98520B02ADA8F1D00354B33 /* DetailSliderCell */ = {
			isa = PBXGroup;
			children = (
				B98520A82ADA885800354B33 /* DetailSliderTableViewCell.swift */,
				B98520A92ADA885800354B33 /* DetailSliderTableViewCell.xib */,
				B98520AC2ADA8F1900354B33 /* DetailSliderCollectionViewCell.swift */,
				B98520AD2ADA8F1900354B33 /* DetailSliderCollectionViewCell.xib */,
			);
			path = DetailSliderCell;
			sourceTree = "<group>";
		};
		F2F18EAB1E17FC010EF3F342 /* Frameworks */ = {
			isa = PBXGroup;
			children = (
				663E6C9041A222561644B6D8 /* Pods_Boyner.framework */,
				D6C65D859F2012328982DFF6 /* Pods_Boyner_BoynerUITests.framework */,
				39AF7FBA33ECBBAB52EFA52F /* Pods_BoynerTests.framework */,
			);
			name = Frameworks;
			sourceTree = "<group>";
		};
/* End PBXGroup section */

/* Begin PBXNativeTarget section */
		B93015202AD962A7003D7F0F /* Boyner */ = {
			isa = PBXNativeTarget;
			buildConfigurationList = B930154B2AD962B9003D7F0F /* Build configuration list for PBXNativeTarget "Boyner" */;
			buildPhases = (
				F56949CCFDEE2C3BB2221EA3 /* [CP] Check Pods Manifest.lock */,
				B930151D2AD962A7003D7F0F /* Sources */,
				B930151E2AD962A7003D7F0F /* Frameworks */,
				B930151F2AD962A7003D7F0F /* Resources */,
				D561E8DB8D355BD0BE97A1CB /* [CP] Embed Pods Frameworks */,
			);
			buildRules = (
			);
			dependencies = (
			);
			name = Boyner;
			productName = Boyner;
			productReference = B93015212AD962A7003D7F0F /* Boyner.app */;
			productType = "com.apple.product-type.application";
		};
		B93015362AD962B9003D7F0F /* BoynerTests */ = {
			isa = PBXNativeTarget;
			buildConfigurationList = B930154E2AD962B9003D7F0F /* Build configuration list for PBXNativeTarget "BoynerTests" */;
			buildPhases = (
				46CC74B47687E307B155E1DF /* [CP] Check Pods Manifest.lock */,
				B93015332AD962B9003D7F0F /* Sources */,
				B93015342AD962B9003D7F0F /* Frameworks */,
				B93015352AD962B9003D7F0F /* Resources */,
			);
			buildRules = (
			);
			dependencies = (
				B93015392AD962B9003D7F0F /* PBXTargetDependency */,
			);
			name = BoynerTests;
			productName = BoynerTests;
			productReference = B93015372AD962B9003D7F0F /* BoynerTests.xctest */;
			productType = "com.apple.product-type.bundle.unit-test";
		};
		B93015402AD962B9003D7F0F /* BoynerUITests */ = {
			isa = PBXNativeTarget;
			buildConfigurationList = B93015512AD962B9003D7F0F /* Build configuration list for PBXNativeTarget "BoynerUITests" */;
			buildPhases = (
				B9E5688EB8F7422DA1CA4CEF /* [CP] Check Pods Manifest.lock */,
				B930153D2AD962B9003D7F0F /* Sources */,
				B930153E2AD962B9003D7F0F /* Frameworks */,
				B930153F2AD962B9003D7F0F /* Resources */,
				D98975D94191905D21811EFF /* [CP] Embed Pods Frameworks */,
			);
			buildRules = (
			);
			dependencies = (
				B93015432AD962B9003D7F0F /* PBXTargetDependency */,
			);
			name = BoynerUITests;
			productName = BoynerUITests;
			productReference = B93015412AD962B9003D7F0F /* BoynerUITests.xctest */;
			productType = "com.apple.product-type.bundle.ui-testing";
		};
/* End PBXNativeTarget section */

/* Begin PBXProject section */
		B93015192AD962A7003D7F0F /* Project object */ = {
			isa = PBXProject;
			attributes = {
				BuildIndependentTargetsInParallel = 1;
				LastSwiftUpdateCheck = 1500;
				LastUpgradeCheck = 1500;
				TargetAttributes = {
					B93015202AD962A7003D7F0F = {
						CreatedOnToolsVersion = 15.0;
					};
					B93015362AD962B9003D7F0F = {
						CreatedOnToolsVersion = 15.0;
						TestTargetID = B93015202AD962A7003D7F0F;
					};
					B93015402AD962B9003D7F0F = {
						CreatedOnToolsVersion = 15.0;
						TestTargetID = B93015202AD962A7003D7F0F;
					};
				};
			};
			buildConfigurationList = B930151C2AD962A7003D7F0F /* Build configuration list for PBXProject "Boyner" */;
			compatibilityVersion = "Xcode 14.0";
			developmentRegion = en;
			hasScannedForEncodings = 0;
			knownRegions = (
				en,
				Base,
			);
			mainGroup = B93015182AD962A7003D7F0F;
			productRefGroup = B93015222AD962A7003D7F0F /* Products */;
			projectDirPath = "";
			projectRoot = "";
			targets = (
				B93015202AD962A7003D7F0F /* Boyner */,
				B93015362AD962B9003D7F0F /* BoynerTests */,
				B93015402AD962B9003D7F0F /* BoynerUITests */,
			);
		};
/* End PBXProject section */

/* Begin PBXResourcesBuildPhase section */
		B930151F2AD962A7003D7F0F /* Resources */ = {
			isa = PBXResourcesBuildPhase;
			buildActionMask = 2147483647;
			files = (
				B98520AF2ADA8F1A00354B33 /* DetailSliderCollectionViewCell.xib in Resources */,
				B96C23E02AD99A6A009F2718 /* SegmentCollectionViewCell.xib in Resources */,
				B93015312AD962B9003D7F0F /* LaunchScreen.storyboard in Resources */,
				B930152E2AD962B9003D7F0F /* Assets.xcassets in Resources */,
				B9AF74332AD967FF00E11087 /* HomeTableViewCell.xib in Resources */,
				B927EA3C2AD9EC940044BDB1 /* DetailTableViewCell.xib in Resources */,
				B930152C2AD962A7003D7F0F /* Main.storyboard in Resources */,
				B98520AB2ADA885900354B33 /* DetailSliderTableViewCell.xib in Resources */,
			);
			runOnlyForDeploymentPostprocessing = 0;
		};
		B93015352AD962B9003D7F0F /* Resources */ = {
			isa = PBXResourcesBuildPhase;
			buildActionMask = 2147483647;
			files = (
			);
			runOnlyForDeploymentPostprocessing = 0;
		};
		B930153F2AD962B9003D7F0F /* Resources */ = {
			isa = PBXResourcesBuildPhase;
			buildActionMask = 2147483647;
			files = (
			);
			runOnlyForDeploymentPostprocessing = 0;
		};
/* End PBXResourcesBuildPhase section */

/* Begin PBXShellScriptBuildPhase section */
		46CC74B47687E307B155E1DF /* [CP] Check Pods Manifest.lock */ = {
			isa = PBXShellScriptBuildPhase;
			buildActionMask = 2147483647;
			files = (
			);
			inputFileListPaths = (
			);
			inputPaths = (
				"${PODS_PODFILE_DIR_PATH}/Podfile.lock",
				"${PODS_ROOT}/Manifest.lock",
			);
			name = "[CP] Check Pods Manifest.lock";
			outputFileListPaths = (
			);
			outputPaths = (
				"$(DERIVED_FILE_DIR)/Pods-BoynerTests-checkManifestLockResult.txt",
			);
			runOnlyForDeploymentPostprocessing = 0;
			shellPath = /bin/sh;
			shellScript = "diff \"${PODS_PODFILE_DIR_PATH}/Podfile.lock\" \"${PODS_ROOT}/Manifest.lock\" > /dev/null\nif [ $? != 0 ] ; then\n    # print error to STDERR\n    echo \"error: The sandbox is not in sync with the Podfile.lock. Run 'pod install' or update your CocoaPods installation.\" >&2\n    exit 1\nfi\n# This output is used by Xcode 'outputs' to avoid re-running this script phase.\necho \"SUCCESS\" > \"${SCRIPT_OUTPUT_FILE_0}\"\n";
			showEnvVarsInLog = 0;
		};
		B9E5688EB8F7422DA1CA4CEF /* [CP] Check Pods Manifest.lock */ = {
			isa = PBXShellScriptBuildPhase;
			buildActionMask = 2147483647;
			files = (
			);
			inputFileListPaths = (
			);
			inputPaths = (
				"${PODS_PODFILE_DIR_PATH}/Podfile.lock",
				"${PODS_ROOT}/Manifest.lock",
			);
			name = "[CP] Check Pods Manifest.lock";
			outputFileListPaths = (
			);
			outputPaths = (
				"$(DERIVED_FILE_DIR)/Pods-Boyner-BoynerUITests-checkManifestLockResult.txt",
			);
			runOnlyForDeploymentPostprocessing = 0;
			shellPath = /bin/sh;
			shellScript = "diff \"${PODS_PODFILE_DIR_PATH}/Podfile.lock\" \"${PODS_ROOT}/Manifest.lock\" > /dev/null\nif [ $? != 0 ] ; then\n    # print error to STDERR\n    echo \"error: The sandbox is not in sync with the Podfile.lock. Run 'pod install' or update your CocoaPods installation.\" >&2\n    exit 1\nfi\n# This output is used by Xcode 'outputs' to avoid re-running this script phase.\necho \"SUCCESS\" > \"${SCRIPT_OUTPUT_FILE_0}\"\n";
			showEnvVarsInLog = 0;
		};
		D561E8DB8D355BD0BE97A1CB /* [CP] Embed Pods Frameworks */ = {
			isa = PBXShellScriptBuildPhase;
			buildActionMask = 2147483647;
			files = (
			);
			inputFileListPaths = (
				"${PODS_ROOT}/Target Support Files/Pods-Boyner/Pods-Boyner-frameworks-${CONFIGURATION}-input-files.xcfilelist",
			);
			name = "[CP] Embed Pods Frameworks";
			outputFileListPaths = (
				"${PODS_ROOT}/Target Support Files/Pods-Boyner/Pods-Boyner-frameworks-${CONFIGURATION}-output-files.xcfilelist",
			);
			runOnlyForDeploymentPostprocessing = 0;
			shellPath = /bin/sh;
			shellScript = "\"${PODS_ROOT}/Target Support Files/Pods-Boyner/Pods-Boyner-frameworks.sh\"\n";
			showEnvVarsInLog = 0;
		};
		D98975D94191905D21811EFF /* [CP] Embed Pods Frameworks */ = {
			isa = PBXShellScriptBuildPhase;
			buildActionMask = 2147483647;
			files = (
			);
			inputFileListPaths = (
				"${PODS_ROOT}/Target Support Files/Pods-Boyner-BoynerUITests/Pods-Boyner-BoynerUITests-frameworks-${CONFIGURATION}-input-files.xcfilelist",
			);
			name = "[CP] Embed Pods Frameworks";
			outputFileListPaths = (
				"${PODS_ROOT}/Target Support Files/Pods-Boyner-BoynerUITests/Pods-Boyner-BoynerUITests-frameworks-${CONFIGURATION}-output-files.xcfilelist",
			);
			runOnlyForDeploymentPostprocessing = 0;
			shellPath = /bin/sh;
			shellScript = "\"${PODS_ROOT}/Target Support Files/Pods-Boyner-BoynerUITests/Pods-Boyner-BoynerUITests-frameworks.sh\"\n";
			showEnvVarsInLog = 0;
		};
		F56949CCFDEE2C3BB2221EA3 /* [CP] Check Pods Manifest.lock */ = {
			isa = PBXShellScriptBuildPhase;
			buildActionMask = 2147483647;
			files = (
			);
			inputFileListPaths = (
			);
			inputPaths = (
				"${PODS_PODFILE_DIR_PATH}/Podfile.lock",
				"${PODS_ROOT}/Manifest.lock",
			);
			name = "[CP] Check Pods Manifest.lock";
			outputFileListPaths = (
			);
			outputPaths = (
				"$(DERIVED_FILE_DIR)/Pods-Boyner-checkManifestLockResult.txt",
			);
			runOnlyForDeploymentPostprocessing = 0;
			shellPath = /bin/sh;
			shellScript = "diff \"${PODS_PODFILE_DIR_PATH}/Podfile.lock\" \"${PODS_ROOT}/Manifest.lock\" > /dev/null\nif [ $? != 0 ] ; then\n    # print error to STDERR\n    echo \"error: The sandbox is not in sync with the Podfile.lock. Run 'pod install' or update your CocoaPods installation.\" >&2\n    exit 1\nfi\n# This output is used by Xcode 'outputs' to avoid re-running this script phase.\necho \"SUCCESS\" > \"${SCRIPT_OUTPUT_FILE_0}\"\n";
			showEnvVarsInLog = 0;
		};
/* End PBXShellScriptBuildPhase section */

/* Begin PBXSourcesBuildPhase section */
		B930151D2AD962A7003D7F0F /* Sources */ = {
			isa = PBXSourcesBuildPhase;
			buildActionMask = 2147483647;
			files = (
				B93015612AD964C6003D7F0F /* Service.swift in Sources */,
				B930155C2AD964AD003D7F0F /* DetailViewModel.swift in Sources */,
				B98520AA2ADA885900354B33 /* DetailSliderTableViewCell.swift in Sources */,
				B93015252AD962A7003D7F0F /* AppDelegate.swift in Sources */,
				B927EA3B2AD9EC940044BDB1 /* DetailTableViewCell.swift in Sources */,
				B9AF742F2AD9674800E11087 /* HomeViewController.swift in Sources */,
				B98520AE2ADA8F1A00354B33 /* DetailSliderCollectionViewCell.swift in Sources */,
				B9522C142ADDB0360087FFA5 /* Utils.swift in Sources */,
				B93015272AD962A7003D7F0F /* SceneDelegate.swift in Sources */,
				B930155F2AD964C1003D7F0F /* Constants.swift in Sources */,
				B9AF74322AD967FF00E11087 /* HomeTableViewCell.swift in Sources */,
				B9AF74372AD96B5D00E11087 /* SourceResponseModel.swift in Sources */,
				B96C23DF2AD99A6A009F2718 /* SegmentCollectionViewCell.swift in Sources */,
				B930155A2AD964A5003D7F0F /* HomeViewModel.swift in Sources */,
				B93015582AD96472003D7F0F /* DetailViewController.swift in Sources */,
				B96C23E22AD9CFBE009F2718 /* DetailResponseModel.swift in Sources */,
			);
			runOnlyForDeploymentPostprocessing = 0;
		};
		B93015332AD962B9003D7F0F /* Sources */ = {
			isa = PBXSourcesBuildPhase;
			buildActionMask = 2147483647;
			files = (
				B930153C2AD962B9003D7F0F /* BoynerTests.swift in Sources */,
			);
			runOnlyForDeploymentPostprocessing = 0;
		};
		B930153D2AD962B9003D7F0F /* Sources */ = {
			isa = PBXSourcesBuildPhase;
			buildActionMask = 2147483647;
			files = (
				B93015462AD962B9003D7F0F /* BoynerUITests.swift in Sources */,
				B93015482AD962B9003D7F0F /* BoynerUITestsLaunchTests.swift in Sources */,
			);
			runOnlyForDeploymentPostprocessing = 0;
		};
/* End PBXSourcesBuildPhase section */

/* Begin PBXTargetDependency section */
		B93015392AD962B9003D7F0F /* PBXTargetDependency */ = {
			isa = PBXTargetDependency;
			target = B93015202AD962A7003D7F0F /* Boyner */;
			targetProxy = B93015382AD962B9003D7F0F /* PBXContainerItemProxy */;
		};
		B93015432AD962B9003D7F0F /* PBXTargetDependency */ = {
			isa = PBXTargetDependency;
			target = B93015202AD962A7003D7F0F /* Boyner */;
			targetProxy = B93015422AD962B9003D7F0F /* PBXContainerItemProxy */;
		};
/* End PBXTargetDependency section */

/* Begin PBXVariantGroup section */
		B930152A2AD962A7003D7F0F /* Main.storyboard */ = {
			isa = PBXVariantGroup;
			children = (
				B930152B2AD962A7003D7F0F /* Base */,
			);
			name = Main.storyboard;
			sourceTree = "<group>";
		};
		B930152F2AD962B9003D7F0F /* LaunchScreen.storyboard */ = {
			isa = PBXVariantGroup;
			children = (
				B93015302AD962B9003D7F0F /* Base */,
			);
			name = LaunchScreen.storyboard;
			sourceTree = "<group>";
		};
/* End PBXVariantGroup section */

/* Begin XCBuildConfiguration section */
		B93015492AD962B9003D7F0F /* Debug */ = {
			isa = XCBuildConfiguration;
			buildSettings = {
				ALWAYS_SEARCH_USER_PATHS = NO;
				ASSETCATALOG_COMPILER_GENERATE_SWIFT_ASSET_SYMBOL_EXTENSIONS = YES;
				CLANG_ANALYZER_NONNULL = YES;
				CLANG_ANALYZER_NUMBER_OBJECT_CONVERSION = YES_AGGRESSIVE;
				CLANG_CXX_LANGUAGE_STANDARD = "gnu++20";
				CLANG_ENABLE_MODULES = YES;
				CLANG_ENABLE_OBJC_ARC = YES;
				CLANG_ENABLE_OBJC_WEAK = YES;
				CLANG_WARN_BLOCK_CAPTURE_AUTORELEASING = YES;
				CLANG_WARN_BOOL_CONVERSION = YES;
				CLANG_WARN_COMMA = YES;
				CLANG_WARN_CONSTANT_CONVERSION = YES;
				CLANG_WARN_DEPRECATED_OBJC_IMPLEMENTATIONS = YES;
				CLANG_WARN_DIRECT_OBJC_ISA_USAGE = YES_ERROR;
				CLANG_WARN_DOCUMENTATION_COMMENTS = YES;
				CLANG_WARN_EMPTY_BODY = YES;
				CLANG_WARN_ENUM_CONVERSION = YES;
				CLANG_WARN_INFINITE_RECURSION = YES;
				CLANG_WARN_INT_CONVERSION = YES;
				CLANG_WARN_NON_LITERAL_NULL_CONVERSION = YES;
				CLANG_WARN_OBJC_IMPLICIT_RETAIN_SELF = YES;
				CLANG_WARN_OBJC_LITERAL_CONVERSION = YES;
				CLANG_WARN_OBJC_ROOT_CLASS = YES_ERROR;
				CLANG_WARN_QUOTED_INCLUDE_IN_FRAMEWORK_HEADER = YES;
				CLANG_WARN_RANGE_LOOP_ANALYSIS = YES;
				CLANG_WARN_STRICT_PROTOTYPES = YES;
				CLANG_WARN_SUSPICIOUS_MOVE = YES;
				CLANG_WARN_UNGUARDED_AVAILABILITY = YES_AGGRESSIVE;
				CLANG_WARN_UNREACHABLE_CODE = YES;
				CLANG_WARN__DUPLICATE_METHOD_MATCH = YES;
				COPY_PHASE_STRIP = NO;
				DEBUG_INFORMATION_FORMAT = dwarf;
				ENABLE_STRICT_OBJC_MSGSEND = YES;
				ENABLE_TESTABILITY = YES;
				ENABLE_USER_SCRIPT_SANDBOXING = YES;
				GCC_C_LANGUAGE_STANDARD = gnu17;
				GCC_DYNAMIC_NO_PIC = NO;
				GCC_NO_COMMON_BLOCKS = YES;
				GCC_OPTIMIZATION_LEVEL = 0;
				GCC_PREPROCESSOR_DEFINITIONS = (
					"DEBUG=1",
					"$(inherited)",
				);
				GCC_WARN_64_TO_32_BIT_CONVERSION = YES;
				GCC_WARN_ABOUT_RETURN_TYPE = YES_ERROR;
				GCC_WARN_UNDECLARED_SELECTOR = YES;
				GCC_WARN_UNINITIALIZED_AUTOS = YES_AGGRESSIVE;
				GCC_WARN_UNUSED_FUNCTION = YES;
				GCC_WARN_UNUSED_VARIABLE = YES;
				IPHONEOS_DEPLOYMENT_TARGET = 17.0;
				LOCALIZATION_PREFERS_STRING_CATALOGS = YES;
				MTL_ENABLE_DEBUG_INFO = INCLUDE_SOURCE;
				MTL_FAST_MATH = YES;
				ONLY_ACTIVE_ARCH = YES;
				SDKROOT = iphoneos;
				SWIFT_ACTIVE_COMPILATION_CONDITIONS = "DEBUG $(inherited)";
				SWIFT_OPTIMIZATION_LEVEL = "-Onone";
			};
			name = Debug;
		};
		B930154A2AD962B9003D7F0F /* Release */ = {
			isa = XCBuildConfiguration;
			buildSettings = {
				ALWAYS_SEARCH_USER_PATHS = NO;
				ASSETCATALOG_COMPILER_GENERATE_SWIFT_ASSET_SYMBOL_EXTENSIONS = YES;
				CLANG_ANALYZER_NONNULL = YES;
				CLANG_ANALYZER_NUMBER_OBJECT_CONVERSION = YES_AGGRESSIVE;
				CLANG_CXX_LANGUAGE_STANDARD = "gnu++20";
				CLANG_ENABLE_MODULES = YES;
				CLANG_ENABLE_OBJC_ARC = YES;
				CLANG_ENABLE_OBJC_WEAK = YES;
				CLANG_WARN_BLOCK_CAPTURE_AUTORELEASING = YES;
				CLANG_WARN_BOOL_CONVERSION = YES;
				CLANG_WARN_COMMA = YES;
				CLANG_WARN_CONSTANT_CONVERSION = YES;
				CLANG_WARN_DEPRECATED_OBJC_IMPLEMENTATIONS = YES;
				CLANG_WARN_DIRECT_OBJC_ISA_USAGE = YES_ERROR;
				CLANG_WARN_DOCUMENTATION_COMMENTS = YES;
				CLANG_WARN_EMPTY_BODY = YES;
				CLANG_WARN_ENUM_CONVERSION = YES;
				CLANG_WARN_INFINITE_RECURSION = YES;
				CLANG_WARN_INT_CONVERSION = YES;
				CLANG_WARN_NON_LITERAL_NULL_CONVERSION = YES;
				CLANG_WARN_OBJC_IMPLICIT_RETAIN_SELF = YES;
				CLANG_WARN_OBJC_LITERAL_CONVERSION = YES;
				CLANG_WARN_OBJC_ROOT_CLASS = YES_ERROR;
				CLANG_WARN_QUOTED_INCLUDE_IN_FRAMEWORK_HEADER = YES;
				CLANG_WARN_RANGE_LOOP_ANALYSIS = YES;
				CLANG_WARN_STRICT_PROTOTYPES = YES;
				CLANG_WARN_SUSPICIOUS_MOVE = YES;
				CLANG_WARN_UNGUARDED_AVAILABILITY = YES_AGGRESSIVE;
				CLANG_WARN_UNREACHABLE_CODE = YES;
				CLANG_WARN__DUPLICATE_METHOD_MATCH = YES;
				COPY_PHASE_STRIP = NO;
				DEBUG_INFORMATION_FORMAT = "dwarf-with-dsym";
				ENABLE_NS_ASSERTIONS = NO;
				ENABLE_STRICT_OBJC_MSGSEND = YES;
				ENABLE_USER_SCRIPT_SANDBOXING = YES;
				GCC_C_LANGUAGE_STANDARD = gnu17;
				GCC_NO_COMMON_BLOCKS = YES;
				GCC_WARN_64_TO_32_BIT_CONVERSION = YES;
				GCC_WARN_ABOUT_RETURN_TYPE = YES_ERROR;
				GCC_WARN_UNDECLARED_SELECTOR = YES;
				GCC_WARN_UNINITIALIZED_AUTOS = YES_AGGRESSIVE;
				GCC_WARN_UNUSED_FUNCTION = YES;
				GCC_WARN_UNUSED_VARIABLE = YES;
				IPHONEOS_DEPLOYMENT_TARGET = 17.0;
				LOCALIZATION_PREFERS_STRING_CATALOGS = YES;
				MTL_ENABLE_DEBUG_INFO = NO;
				MTL_FAST_MATH = YES;
				SDKROOT = iphoneos;
				SWIFT_COMPILATION_MODE = wholemodule;
				VALIDATE_PRODUCT = YES;
			};
			name = Release;
		};
		B930154C2AD962B9003D7F0F /* Debug */ = {
			isa = XCBuildConfiguration;
			baseConfigurationReference = ED85145DC681EF76B7CCFE5A /* Pods-Boyner.debug.xcconfig */;
			buildSettings = {
				ASSETCATALOG_COMPILER_APPICON_NAME = AppIcon;
				ASSETCATALOG_COMPILER_GLOBAL_ACCENT_COLOR_NAME = AccentColor;
				CODE_SIGN_STYLE = Automatic;
				CURRENT_PROJECT_VERSION = 1;
				DEVELOPMENT_TEAM = QJS4FJ5R3Z;
				ENABLE_USER_SCRIPT_SANDBOXING = NO;
				GENERATE_INFOPLIST_FILE = YES;
				INFOPLIST_FILE = Boyner/Info.plist;
				INFOPLIST_KEY_UIApplicationSupportsIndirectInputEvents = YES;
				INFOPLIST_KEY_UILaunchStoryboardName = LaunchScreen;
				INFOPLIST_KEY_UIMainStoryboardFile = Main;
				INFOPLIST_KEY_UISupportedInterfaceOrientations_iPad = "UIInterfaceOrientationPortrait UIInterfaceOrientationPortraitUpsideDown UIInterfaceOrientationLandscapeLeft UIInterfaceOrientationLandscapeRight";
				INFOPLIST_KEY_UISupportedInterfaceOrientations_iPhone = "UIInterfaceOrientationPortrait UIInterfaceOrientationLandscapeLeft UIInterfaceOrientationLandscapeRight";
				IPHONEOS_DEPLOYMENT_TARGET = 14.0;
				LD_RUNPATH_SEARCH_PATHS = (
					"$(inherited)",
					"@executable_path/Frameworks",
				);
				MARKETING_VERSION = 1.0;
				PRODUCT_BUNDLE_IDENTIFIER = com.onur.Boyner;
				PRODUCT_NAME = "$(TARGET_NAME)";
				SWIFT_EMIT_LOC_STRINGS = YES;
				SWIFT_VERSION = 5.0;
				TARGETED_DEVICE_FAMILY = "1,2";
			};
			name = Debug;
		};
		B930154D2AD962B9003D7F0F /* Release */ = {
			isa = XCBuildConfiguration;
			baseConfigurationReference = F8FAB0F8CE556DCE1A327F2A /* Pods-Boyner.release.xcconfig */;
			buildSettings = {
				ASSETCATALOG_COMPILER_APPICON_NAME = AppIcon;
				ASSETCATALOG_COMPILER_GLOBAL_ACCENT_COLOR_NAME = AccentColor;
				CODE_SIGN_STYLE = Automatic;
				CURRENT_PROJECT_VERSION = 1;
				DEVELOPMENT_TEAM = QJS4FJ5R3Z;
				ENABLE_USER_SCRIPT_SANDBOXING = NO;
				GENERATE_INFOPLIST_FILE = YES;
				INFOPLIST_FILE = Boyner/Info.plist;
				INFOPLIST_KEY_UIApplicationSupportsIndirectInputEvents = YES;
				INFOPLIST_KEY_UILaunchStoryboardName = LaunchScreen;
				INFOPLIST_KEY_UIMainStoryboardFile = Main;
				INFOPLIST_KEY_UISupportedInterfaceOrientations_iPad = "UIInterfaceOrientationPortrait UIInterfaceOrientationPortraitUpsideDown UIInterfaceOrientationLandscapeLeft UIInterfaceOrientationLandscapeRight";
				INFOPLIST_KEY_UISupportedInterfaceOrientations_iPhone = "UIInterfaceOrientationPortrait UIInterfaceOrientationLandscapeLeft UIInterfaceOrientationLandscapeRight";
				IPHONEOS_DEPLOYMENT_TARGET = 14.0;
				LD_RUNPATH_SEARCH_PATHS = (
					"$(inherited)",
					"@executable_path/Frameworks",
				);
				MARKETING_VERSION = 1.0;
				PRODUCT_BUNDLE_IDENTIFIER = com.onur.Boyner;
				PRODUCT_NAME = "$(TARGET_NAME)";
				SWIFT_EMIT_LOC_STRINGS = YES;
				SWIFT_VERSION = 5.0;
				TARGETED_DEVICE_FAMILY = "1,2";
			};
			name = Release;
		};
		B930154F2AD962B9003D7F0F /* Debug */ = {
			isa = XCBuildConfiguration;
			baseConfigurationReference = 37606B0045ED740680FEA940 /* Pods-BoynerTests.debug.xcconfig */;
			buildSettings = {
				ALWAYS_EMBED_SWIFT_STANDARD_LIBRARIES = YES;
				BUNDLE_LOADER = "$(TEST_HOST)";
				CODE_SIGN_STYLE = Automatic;
				CURRENT_PROJECT_VERSION = 1;
				DEVELOPMENT_TEAM = QJS4FJ5R3Z;
				GENERATE_INFOPLIST_FILE = YES;
				IPHONEOS_DEPLOYMENT_TARGET = 17.0;
				MARKETING_VERSION = 1.0;
				PRODUCT_BUNDLE_IDENTIFIER = com.onur.BoynerTests;
				PRODUCT_NAME = "$(TARGET_NAME)";
				SWIFT_EMIT_LOC_STRINGS = NO;
				SWIFT_VERSION = 5.0;
				TARGETED_DEVICE_FAMILY = "1,2";
				TEST_HOST = "$(BUILT_PRODUCTS_DIR)/Boyner.app/$(BUNDLE_EXECUTABLE_FOLDER_PATH)/Boyner";
			};
			name = Debug;
		};
		B93015502AD962B9003D7F0F /* Release */ = {
			isa = XCBuildConfiguration;
			baseConfigurationReference = 0CF12F599CA046C0150897EB /* Pods-BoynerTests.release.xcconfig */;
			buildSettings = {
				ALWAYS_EMBED_SWIFT_STANDARD_LIBRARIES = YES;
				BUNDLE_LOADER = "$(TEST_HOST)";
				CODE_SIGN_STYLE = Automatic;
				CURRENT_PROJECT_VERSION = 1;
				DEVELOPMENT_TEAM = QJS4FJ5R3Z;
				GENERATE_INFOPLIST_FILE = YES;
				IPHONEOS_DEPLOYMENT_TARGET = 17.0;
				MARKETING_VERSION = 1.0;
				PRODUCT_BUNDLE_IDENTIFIER = com.onur.BoynerTests;
				PRODUCT_NAME = "$(TARGET_NAME)";
				SWIFT_EMIT_LOC_STRINGS = NO;
				SWIFT_VERSION = 5.0;
				TARGETED_DEVICE_FAMILY = "1,2";
				TEST_HOST = "$(BUILT_PRODUCTS_DIR)/Boyner.app/$(BUNDLE_EXECUTABLE_FOLDER_PATH)/Boyner";
			};
			name = Release;
		};
		B93015522AD962B9003D7F0F /* Debug */ = {
			isa = XCBuildConfiguration;
			baseConfigurationReference = F911C016C106BD50CE2EEE6A /* Pods-Boyner-BoynerUITests.debug.xcconfig */;
			buildSettings = {
				ALWAYS_EMBED_SWIFT_STANDARD_LIBRARIES = YES;
				CODE_SIGN_STYLE = Automatic;
				CURRENT_PROJECT_VERSION = 1;
				DEVELOPMENT_TEAM = QJS4FJ5R3Z;
				GENERATE_INFOPLIST_FILE = YES;
				MARKETING_VERSION = 1.0;
				PRODUCT_BUNDLE_IDENTIFIER = com.onur.BoynerUITests;
				PRODUCT_NAME = "$(TARGET_NAME)";
				SWIFT_EMIT_LOC_STRINGS = NO;
				SWIFT_VERSION = 5.0;
				TARGETED_DEVICE_FAMILY = "1,2";
				TEST_TARGET_NAME = Boyner;
			};
			name = Debug;
		};
		B93015532AD962B9003D7F0F /* Release */ = {
			isa = XCBuildConfiguration;
			baseConfigurationReference = 815D6F387E22C3F7A7648969 /* Pods-Boyner-BoynerUITests.release.xcconfig */;
			buildSettings = {
				ALWAYS_EMBED_SWIFT_STANDARD_LIBRARIES = YES;
				CODE_SIGN_STYLE = Automatic;
				CURRENT_PROJECT_VERSION = 1;
				DEVELOPMENT_TEAM = QJS4FJ5R3Z;
				GENERATE_INFOPLIST_FILE = YES;
				MARKETING_VERSION = 1.0;
				PRODUCT_BUNDLE_IDENTIFIER = com.onur.BoynerUITests;
				PRODUCT_NAME = "$(TARGET_NAME)";
				SWIFT_EMIT_LOC_STRINGS = NO;
				SWIFT_VERSION = 5.0;
				TARGETED_DEVICE_FAMILY = "1,2";
				TEST_TARGET_NAME = Boyner;
			};
			name = Release;
		};
/* End XCBuildConfiguration section */

/* Begin XCConfigurationList section */
		B930151C2AD962A7003D7F0F /* Build configuration list for PBXProject "Boyner" */ = {
			isa = XCConfigurationList;
			buildConfigurations = (
				B93015492AD962B9003D7F0F /* Debug */,
				B930154A2AD962B9003D7F0F /* Release */,
			);
			defaultConfigurationIsVisible = 0;
			defaultConfigurationName = Release;
		};
		B930154B2AD962B9003D7F0F /* Build configuration list for PBXNativeTarget "Boyner" */ = {
			isa = XCConfigurationList;
			buildConfigurations = (
				B930154C2AD962B9003D7F0F /* Debug */,
				B930154D2AD962B9003D7F0F /* Release */,
			);
			defaultConfigurationIsVisible = 0;
			defaultConfigurationName = Release;
		};
		B930154E2AD962B9003D7F0F /* Build configuration list for PBXNativeTarget "BoynerTests" */ = {
			isa = XCConfigurationList;
			buildConfigurations = (
				B930154F2AD962B9003D7F0F /* Debug */,
				B93015502AD962B9003D7F0F /* Release */,
			);
			defaultConfigurationIsVisible = 0;
			defaultConfigurationName = Release;
		};
		B93015512AD962B9003D7F0F /* Build configuration list for PBXNativeTarget "BoynerUITests" */ = {
			isa = XCConfigurationList;
			buildConfigurations = (
				B93015522AD962B9003D7F0F /* Debug */,
				B93015532AD962B9003D7F0F /* Release */,
			);
			defaultConfigurationIsVisible = 0;
			defaultConfigurationName = Release;
		};
/* End XCConfigurationList section */
	};
	rootObject = B93015192AD962A7003D7F0F /* Project object */;
}
